{
  "name": "glitch-hook",
  "lockfileVersion": 3,
  "requires": true,
  "packages": {
    "": {
      "name": "glitch-hook",
      "dependencies": {
        "@imagemagick/magick-wasm": "^0.0.39"
      }
    },
    "node_modules/@imagemagick/magick-wasm": {
      "version": "0.0.39",
      "resolved": "https://registry.npmjs.org/@imagemagick/magick-wasm/-/magick-wasm-0.0.39.tgz",
      "integrity": "sha512-vQm4MFNVh1LnECHsF/FfaWu4HqPVkb5oMVvKRvP+5Qkk0Vq9W+5UPzC+XgKU8ji0Kpeo3mWc+6Ap1Ps/frZ4ug==",
      "license": "Apache-2.0"
    }
  }
}
